
Microsoft Visual Studio Solution File, Format Version 12.00
# Visual Studio 2012
Project("{FAE04EC0-301F-11D3-BF4B-00C04F79EFBC}") = "Blog2", "Blog2\Blog2.csproj", "{2D1EC419-25DA-413F-B99A-627F01F94EB8}"
EndProject
Project("{FAE04EC0-301F-11D3-BF4B-00C04F79EFBC}") = "Blog2.Tests", "Blog2.Tests\Blog2.Tests.csproj", "{EFF6DF6B-2F49-412E-BED6-126C5AB02ED5}"
EndProject
Global
	GlobalSection(SolutionConfigurationPlatforms) = preSolution
		Debug|Any CPU = Debug|Any CPU
		Release|Any CPU = Release|Any CPU
	EndGlobalSection
	GlobalSection(ProjectConfigurationPlatforms) = postSolution
		{2D1EC419-25DA-413F-B99A-627F01F94EB8}.Debug|Any CPU.ActiveCfg = Debug|Any CPU
		{2D1EC419-25DA-413F-B99A-627F01F94EB8}.Debug|Any CPU.Build.0 = Debug|Any CPU
		{2D1EC419-25DA-413F-B99A-627F01F94EB8}.Release|Any CPU.ActiveCfg = Release|Any CPU
		{2D1EC419-25DA-413F-B99A-627F01F94EB8}.Release|Any CPU.Build.0 = Release|Any CPU
		{EFF6DF6B-2F49-412E-BED6-126C5AB02ED5}.Debug|Any CPU.ActiveCfg = Debug|Any CPU
		{EFF6DF6B-2F49-412E-BED6-126C5AB02ED5}.Debug|Any CPU.Build.0 = Debug|Any CPU
		{EFF6DF6B-2F49-412E-BED6-126C5AB02ED5}.Release|Any CPU.ActiveCfg = Release|Any CPU
		{EFF6DF6B-2F49-412E-BED6-126C5AB02ED5}.Release|Any CPU.Build.0 = Release|Any CPU
	EndGlobalSection
	GlobalSection(SolutionProperties) = preSolution
		HideSolutionNode = FALSE
	EndGlobalSection
EndGlobal
